// !$*UTF8*$!
{
	archiveVersion = 1;
	classes = {
	};
	objectVersion = 56;
	objects = {

/* Begin PBXBuildFile section */
		66B8992E2C3414310056F308 /* AppDelegate.swift in Sources */ = {isa = PBXBuildFile; fileRef = 66B8992D2C3414310056F308 /* AppDelegate.swift */; };
		66B899302C3414310056F308 /* SceneDelegate.swift in Sources */ = {isa = PBXBuildFile; fileRef = 66B8992F2C3414310056F308 /* SceneDelegate.swift */; };
		66B899322C3414310056F308 /* AccountListViewController.swift in Sources */ = {isa = PBXBuildFile; fileRef = 66B899312C3414310056F308 /* AccountListViewController.swift */; };
		66B899372C3414320056F308 /* Assets.xcassets in Resources */ = {isa = PBXBuildFile; fileRef = 66B899362C3414320056F308 /* Assets.xcassets */; };
		66B8993A2C3414320056F308 /* Base in Resources */ = {isa = PBXBuildFile; fileRef = 66B899392C3414320056F308 /* Base */; };
		66B8994F2C3414320056F308 /* StarlingRoundUpUITests.swift in Sources */ = {isa = PBXBuildFile; fileRef = 66B8994E2C3414320056F308 /* StarlingRoundUpUITests.swift */; };
		66D876CA2C3465DB0012CA55 /* FetchAccountSummariesUseCase.swift in Sources */ = {isa = PBXBuildFile; fileRef = 66D876C92C3465DB0012CA55 /* FetchAccountSummariesUseCase.swift */; };
		66D876CD2C34661C0012CA55 /* AccountSummary.swift in Sources */ = {isa = PBXBuildFile; fileRef = 66D876CC2C34661C0012CA55 /* AccountSummary.swift */; };
		66D876CF2C3466490012CA55 /* AccountType.swift in Sources */ = {isa = PBXBuildFile; fileRef = 66D876CE2C3466490012CA55 /* AccountType.swift */; };
		66D876D12C3466860012CA55 /* Money.swift in Sources */ = {isa = PBXBuildFile; fileRef = 66D876D02C3466860012CA55 /* Money.swift */; };
		66D876D32C3466F30012CA55 /* Account.swift in Sources */ = {isa = PBXBuildFile; fileRef = 66D876D22C3466F30012CA55 /* Account.swift */; };
		66D876D72C34675F0012CA55 /* MoneyTests.swift in Sources */ = {isa = PBXBuildFile; fileRef = 66D876D62C34675F0012CA55 /* MoneyTests.swift */; };
		66EA3A332C3468BA00649A13 /* FetchAccountSummaries.swift in Sources */ = {isa = PBXBuildFile; fileRef = 66EA3A322C3468BA00649A13 /* FetchAccountSummaries.swift */; };
		66EA3A372C34691400649A13 /* AccountRepository.swift in Sources */ = {isa = PBXBuildFile; fileRef = 66EA3A362C34691400649A13 /* AccountRepository.swift */; };
		66EA3A392C346A5D00649A13 /* FetchAccountSummariesTests.swift in Sources */ = {isa = PBXBuildFile; fileRef = 66EA3A382C346A5D00649A13 /* FetchAccountSummariesTests.swift */; };
		66EA3A3C2C346A9E00649A13 /* AccountStubRepository.swift in Sources */ = {isa = PBXBuildFile; fileRef = 66EA3A3B2C346A9E00649A13 /* AccountStubRepository.swift */; };
		66EA3A3E2C34759500649A13 /* AccountListViewModeling.swift in Sources */ = {isa = PBXBuildFile; fileRef = 66EA3A3D2C34759500649A13 /* AccountListViewModeling.swift */; };
		66EA3A402C34765900649A13 /* Localizable.xcstrings in Resources */ = {isa = PBXBuildFile; fileRef = 66EA3A3F2C34765900649A13 /* Localizable.xcstrings */; };
		66EA3A432C34768E00649A13 /* AccountListViewModel.swift in Sources */ = {isa = PBXBuildFile; fileRef = 66EA3A422C34768E00649A13 /* AccountListViewModel.swift */; };
		66EA3A452C3476F000649A13 /* AppFactory.swift in Sources */ = {isa = PBXBuildFile; fileRef = 66EA3A442C3476F000649A13 /* AppFactory.swift */; };
		66EA3A4E2C34784500649A13 /* AccountListViewModelTests.swift in Sources */ = {isa = PBXBuildFile; fileRef = 66EA3A4D2C34784500649A13 /* AccountListViewModelTests.swift */; };
		66EA3A502C34788100649A13 /* FetchAccountSummariesStubUseCase.swift in Sources */ = {isa = PBXBuildFile; fileRef = 66EA3A4F2C34788100649A13 /* FetchAccountSummariesStubUseCase.swift */; };
		66EA3A522C347A2500649A13 /* APIClient.swift in Sources */ = {isa = PBXBuildFile; fileRef = 66EA3A512C347A2500649A13 /* APIClient.swift */; };
		66EA3A592C347A5500649A13 /* BalanceResponseDataModel.swift in Sources */ = {isa = PBXBuildFile; fileRef = 66EA3A542C347A5500649A13 /* BalanceResponseDataModel.swift */; };
		66EA3A5A2C347A5500649A13 /* AccountDataModel.swift in Sources */ = {isa = PBXBuildFile; fileRef = 66EA3A552C347A5500649A13 /* AccountDataModel.swift */; };
		66EA3A5B2C347A5500649A13 /* MoneyDataModel.swift in Sources */ = {isa = PBXBuildFile; fileRef = 66EA3A562C347A5500649A13 /* MoneyDataModel.swift */; };
		66EA3A5C2C347A5500649A13 /* AccountsResponseDataModel.swift in Sources */ = {isa = PBXBuildFile; fileRef = 66EA3A572C347A5500649A13 /* AccountsResponseDataModel.swift */; };
		66EA3A5D2C347A5500649A13 /* AccountTypeDataModel.swift in Sources */ = {isa = PBXBuildFile; fileRef = 66EA3A582C347A5500649A13 /* AccountTypeDataModel.swift */; };
		66EA3A5F2C347AE500649A13 /* AccountAPIRepository.swift in Sources */ = {isa = PBXBuildFile; fileRef = 66EA3A5E2C347AE500649A13 /* AccountAPIRepository.swift */; };
		66EA3A642C347B0C00649A13 /* AccountTypeMapper.swift in Sources */ = {isa = PBXBuildFile; fileRef = 66EA3A612C347B0B00649A13 /* AccountTypeMapper.swift */; };
		66EA3A652C347B0C00649A13 /* MoneyMapper.swift in Sources */ = {isa = PBXBuildFile; fileRef = 66EA3A622C347B0B00649A13 /* MoneyMapper.swift */; };
		66EA3A662C347B0C00649A13 /* AccountMapper.swift in Sources */ = {isa = PBXBuildFile; fileRef = 66EA3A632C347B0C00649A13 /* AccountMapper.swift */; };
		66EA3A6B2C347BD200649A13 /* AccountTypeMapperTests.swift in Sources */ = {isa = PBXBuildFile; fileRef = 66EA3A6A2C347BD200649A13 /* AccountTypeMapperTests.swift */; };
		66EA3A6D2C347C6C00649A13 /* BalanceMapperTests.swift in Sources */ = {isa = PBXBuildFile; fileRef = 66EA3A6C2C347C6C00649A13 /* BalanceMapperTests.swift */; };
		66EA3A6F2C347CEC00649A13 /* AccountMapperTests.swift in Sources */ = {isa = PBXBuildFile; fileRef = 66EA3A6E2C347CEC00649A13 /* AccountMapperTests.swift */; };
		66EA3A712C347E5100649A13 /* AccountAPIRepositoryTests.swift in Sources */ = {isa = PBXBuildFile; fileRef = 66EA3A702C347E5100649A13 /* AccountAPIRepositoryTests.swift */; };
		66EA3A732C347E8100649A13 /* APIStubClient.swift in Sources */ = {isa = PBXBuildFile; fileRef = 66EA3A722C347E8100649A13 /* APIStubClient.swift */; };
		66EA3A762C34819B00649A13 /* APIRequest.swift in Sources */ = {isa = PBXBuildFile; fileRef = 66EA3A752C34819B00649A13 /* APIRequest.swift */; };
		66EA3A782C3481B600649A13 /* APIRequestMethod.swift in Sources */ = {isa = PBXBuildFile; fileRef = 66EA3A772C3481B600649A13 /* APIRequestMethod.swift */; };
		66EA3A7A2C3481E900649A13 /* DecodableAPIRequest.swift in Sources */ = {isa = PBXBuildFile; fileRef = 66EA3A792C3481E900649A13 /* DecodableAPIRequest.swift */; };
		66EA3A7D2C3482A000649A13 /* AccountsRequest.swift in Sources */ = {isa = PBXBuildFile; fileRef = 66EA3A7C2C3482A000649A13 /* AccountsRequest.swift */; };
		66EA3A7F2C34831400649A13 /* BalanceRequest.swift in Sources */ = {isa = PBXBuildFile; fileRef = 66EA3A7E2C34831400649A13 /* BalanceRequest.swift */; };
		66EA3A822C348E9F00649A13 /* APIHTTPClient.swift in Sources */ = {isa = PBXBuildFile; fileRef = 66EA3A812C348E9F00649A13 /* APIHTTPClient.swift */; };
		66EA3A842C348EE200649A13 /* AuthorizationProviding.swift in Sources */ = {isa = PBXBuildFile; fileRef = 66EA3A832C348EE200649A13 /* AuthorizationProviding.swift */; };
		66EA3A862C348F9E00649A13 /* JSONDeocder+StarlingAPI.swift in Sources */ = {isa = PBXBuildFile; fileRef = 66EA3A852C348F9E00649A13 /* JSONDeocder+StarlingAPI.swift */; };
		66EA3A882C3490C800649A13 /* AuthorizationMockProvider.swift in Sources */ = {isa = PBXBuildFile; fileRef = 66EA3A872C3490C800649A13 /* AuthorizationMockProvider.swift */; };
		66EA3A8B2C3491D200649A13 /* AccountsRequestTests.swift in Sources */ = {isa = PBXBuildFile; fileRef = 66EA3A8A2C3491D200649A13 /* AccountsRequestTests.swift */; };
		66EA3A8D2C34924400649A13 /* BalanceRequestTests.swift in Sources */ = {isa = PBXBuildFile; fileRef = 66EA3A8C2C34924400649A13 /* BalanceRequestTests.swift */; };
		66EA3A8F2C3492A400649A13 /* Coordinator.swift in Sources */ = {isa = PBXBuildFile; fileRef = 66EA3A8E2C3492A400649A13 /* Coordinator.swift */; };
		66EA3A912C3492BD00649A13 /* AppCoordinator.swift in Sources */ = {isa = PBXBuildFile; fileRef = 66EA3A902C3492BD00649A13 /* AppCoordinator.swift */; };
		66EA3A952C34A47200649A13 /* Environment.swift in Sources */ = {isa = PBXBuildFile; fileRef = 66EA3A942C34A47200649A13 /* Environment.swift */; };
		66EA3A972C34A98C00649A13 /* MainNavigationController.swift in Sources */ = {isa = PBXBuildFile; fileRef = 66EA3A962C34A98C00649A13 /* MainNavigationController.swift */; };
		66EA3A992C34B02100649A13 /* AccountListViewControllerDelegate.swift in Sources */ = {isa = PBXBuildFile; fileRef = 66EA3A982C34B02100649A13 /* AccountListViewControllerDelegate.swift */; };
		66EA3A9B2C34B3C600649A13 /* FetchAccountSummaryUseCase.swift in Sources */ = {isa = PBXBuildFile; fileRef = 66EA3A9A2C34B3C600649A13 /* FetchAccountSummaryUseCase.swift */; };
		66EA3A9D2C34B3F000649A13 /* FetchAccountSummary.swift in Sources */ = {isa = PBXBuildFile; fileRef = 66EA3A9C2C34B3F000649A13 /* FetchAccountSummary.swift */; };
		66EA3AA12C355DBB00649A13 /* AccountDetailsViewController.swift in Sources */ = {isa = PBXBuildFile; fileRef = 66EA3AA02C355DBB00649A13 /* AccountDetailsViewController.swift */; };
		66EA3AA32C355E0000649A13 /* AccountDetailsViewModeling.swift in Sources */ = {isa = PBXBuildFile; fileRef = 66EA3AA22C355E0000649A13 /* AccountDetailsViewModeling.swift */; };
		66EA3AA62C355F6C00649A13 /* AccountDetailsViewModel.swift in Sources */ = {isa = PBXBuildFile; fileRef = 66EA3AA52C355F6C00649A13 /* AccountDetailsViewModel.swift */; };
		66EA3AAB2C35684700649A13 /* AccountDetailsSummaryView.swift in Sources */ = {isa = PBXBuildFile; fileRef = 66EA3AAA2C35684700649A13 /* AccountDetailsSummaryView.swift */; };
		66EA3AAE2C356C3B00649A13 /* ImageName.swift in Sources */ = {isa = PBXBuildFile; fileRef = 66EA3AAD2C356C3B00649A13 /* ImageName.swift */; };
		66EA3AB02C356CEF00649A13 /* FetchAccountSummaryTests.swift in Sources */ = {isa = PBXBuildFile; fileRef = 66EA3AAF2C356CEF00649A13 /* FetchAccountSummaryTests.swift */; };
		66EA3AB42C356FB200649A13 /* AccountDetailsViewModelTests.swift in Sources */ = {isa = PBXBuildFile; fileRef = 66EA3AB32C356FB200649A13 /* AccountDetailsViewModelTests.swift */; };
		66EA3AB62C356FEF00649A13 /* FetchAccountSummaryStubUseCase.swift in Sources */ = {isa = PBXBuildFile; fileRef = 66EA3AB52C356FEF00649A13 /* FetchAccountSummaryStubUseCase.swift */; };
		66EA3AB82C3580D600649A13 /* FetchSavingsGoalsUseCase.swift in Sources */ = {isa = PBXBuildFile; fileRef = 66EA3AB72C3580D600649A13 /* FetchSavingsGoalsUseCase.swift */; };
		66EA3ABA2C3580FC00649A13 /* SavingsGoal.swift in Sources */ = {isa = PBXBuildFile; fileRef = 66EA3AB92C3580FC00649A13 /* SavingsGoal.swift */; };
		66EA3ABC2C35817F00649A13 /* SavingsGoalState.swift in Sources */ = {isa = PBXBuildFile; fileRef = 66EA3ABB2C35817F00649A13 /* SavingsGoalState.swift */; };
		66EA3ABE2C3581E500649A13 /* FetchSavingsGoals.swift in Sources */ = {isa = PBXBuildFile; fileRef = 66EA3ABD2C3581E500649A13 /* FetchSavingsGoals.swift */; };
		66EA3AC02C35820C00649A13 /* SavingsGoalRepository.swift in Sources */ = {isa = PBXBuildFile; fileRef = 66EA3ABF2C35820C00649A13 /* SavingsGoalRepository.swift */; };
		66EA3AC22C3582AC00649A13 /* FetchSavingsGoalsTests.swift in Sources */ = {isa = PBXBuildFile; fileRef = 66EA3AC12C3582AC00649A13 /* FetchSavingsGoalsTests.swift */; };
		66EA3AC42C3582D800649A13 /* SavingsGoalStubRepository.swift in Sources */ = {isa = PBXBuildFile; fileRef = 66EA3AC32C3582D800649A13 /* SavingsGoalStubRepository.swift */; };
/* End PBXBuildFile section */

/* Begin PBXContainerItemProxy section */
		66B899412C3414320056F308 /* PBXContainerItemProxy */ = {
			isa = PBXContainerItemProxy;
			containerPortal = 66B899222C3414310056F308 /* Project object */;
			proxyType = 1;
			remoteGlobalIDString = 66B899292C3414310056F308;
			remoteInfo = StarlingRoundUp;
		};
		66B8994B2C3414320056F308 /* PBXContainerItemProxy */ = {
			isa = PBXContainerItemProxy;
			containerPortal = 66B899222C3414310056F308 /* Project object */;
			proxyType = 1;
			remoteGlobalIDString = 66B899292C3414310056F308;
			remoteInfo = StarlingRoundUp;
		};
/* End PBXContainerItemProxy section */

/* Begin PBXFileReference section */
		66B8992A2C3414310056F308 /* StarlingRoundUp.app */ = {isa = PBXFileReference; explicitFileType = wrapper.application; includeInIndex = 0; path = StarlingRoundUp.app; sourceTree = BUILT_PRODUCTS_DIR; };
		66B8992D2C3414310056F308 /* AppDelegate.swift */ = {isa = PBXFileReference; lastKnownFileType = sourcecode.swift; path = AppDelegate.swift; sourceTree = "<group>"; };
		66B8992F2C3414310056F308 /* SceneDelegate.swift */ = {isa = PBXFileReference; lastKnownFileType = sourcecode.swift; path = SceneDelegate.swift; sourceTree = "<group>"; };
		66B899312C3414310056F308 /* AccountListViewController.swift */ = {isa = PBXFileReference; lastKnownFileType = sourcecode.swift; path = AccountListViewController.swift; sourceTree = "<group>"; };
		66B899362C3414320056F308 /* Assets.xcassets */ = {isa = PBXFileReference; lastKnownFileType = folder.assetcatalog; path = Assets.xcassets; sourceTree = "<group>"; };
		66B899392C3414320056F308 /* Base */ = {isa = PBXFileReference; lastKnownFileType = file.storyboard; name = Base; path = Base.lproj/LaunchScreen.storyboard; sourceTree = "<group>"; };
		66B8993B2C3414320056F308 /* Info.plist */ = {isa = PBXFileReference; lastKnownFileType = text.plist.xml; path = Info.plist; sourceTree = "<group>"; };
		66B899402C3414320056F308 /* StarlingRoundUpTests.xctest */ = {isa = PBXFileReference; explicitFileType = wrapper.cfbundle; includeInIndex = 0; path = StarlingRoundUpTests.xctest; sourceTree = BUILT_PRODUCTS_DIR; };
		66B8994A2C3414320056F308 /* StarlingRoundUpUITests.xctest */ = {isa = PBXFileReference; explicitFileType = wrapper.cfbundle; includeInIndex = 0; path = StarlingRoundUpUITests.xctest; sourceTree = BUILT_PRODUCTS_DIR; };
		66B8994E2C3414320056F308 /* StarlingRoundUpUITests.swift */ = {isa = PBXFileReference; lastKnownFileType = sourcecode.swift; path = StarlingRoundUpUITests.swift; sourceTree = "<group>"; };
		66D876C92C3465DB0012CA55 /* FetchAccountSummariesUseCase.swift */ = {isa = PBXFileReference; lastKnownFileType = sourcecode.swift; path = FetchAccountSummariesUseCase.swift; sourceTree = "<group>"; };
		66D876CC2C34661C0012CA55 /* AccountSummary.swift */ = {isa = PBXFileReference; lastKnownFileType = sourcecode.swift; path = AccountSummary.swift; sourceTree = "<group>"; };
		66D876CE2C3466490012CA55 /* AccountType.swift */ = {isa = PBXFileReference; lastKnownFileType = sourcecode.swift; path = AccountType.swift; sourceTree = "<group>"; };
		66D876D02C3466860012CA55 /* Money.swift */ = {isa = PBXFileReference; lastKnownFileType = sourcecode.swift; path = Money.swift; sourceTree = "<group>"; };
		66D876D22C3466F30012CA55 /* Account.swift */ = {isa = PBXFileReference; lastKnownFileType = sourcecode.swift; path = Account.swift; sourceTree = "<group>"; };
		66D876D62C34675F0012CA55 /* MoneyTests.swift */ = {isa = PBXFileReference; lastKnownFileType = sourcecode.swift; path = MoneyTests.swift; sourceTree = "<group>"; };
		66D876D92C3467F50012CA55 /* StarlingRoundUp.xctestplan */ = {isa = PBXFileReference; lastKnownFileType = text; path = StarlingRoundUp.xctestplan; sourceTree = "<group>"; };
		66EA3A322C3468BA00649A13 /* FetchAccountSummaries.swift */ = {isa = PBXFileReference; lastKnownFileType = sourcecode.swift; path = FetchAccountSummaries.swift; sourceTree = "<group>"; };
		66EA3A362C34691400649A13 /* AccountRepository.swift */ = {isa = PBXFileReference; lastKnownFileType = sourcecode.swift; path = AccountRepository.swift; sourceTree = "<group>"; };
		66EA3A382C346A5D00649A13 /* FetchAccountSummariesTests.swift */ = {isa = PBXFileReference; lastKnownFileType = sourcecode.swift; path = FetchAccountSummariesTests.swift; sourceTree = "<group>"; };
		66EA3A3B2C346A9E00649A13 /* AccountStubRepository.swift */ = {isa = PBXFileReference; lastKnownFileType = sourcecode.swift; path = AccountStubRepository.swift; sourceTree = "<group>"; };
		66EA3A3D2C34759500649A13 /* AccountListViewModeling.swift */ = {isa = PBXFileReference; lastKnownFileType = sourcecode.swift; path = AccountListViewModeling.swift; sourceTree = "<group>"; };
		66EA3A3F2C34765900649A13 /* Localizable.xcstrings */ = {isa = PBXFileReference; lastKnownFileType = text.json.xcstrings; path = Localizable.xcstrings; sourceTree = "<group>"; };
		66EA3A422C34768E00649A13 /* AccountListViewModel.swift */ = {isa = PBXFileReference; lastKnownFileType = sourcecode.swift; path = AccountListViewModel.swift; sourceTree = "<group>"; };
		66EA3A442C3476F000649A13 /* AppFactory.swift */ = {isa = PBXFileReference; lastKnownFileType = sourcecode.swift; path = AppFactory.swift; sourceTree = "<group>"; };
		66EA3A4D2C34784500649A13 /* AccountListViewModelTests.swift */ = {isa = PBXFileReference; lastKnownFileType = sourcecode.swift; path = AccountListViewModelTests.swift; sourceTree = "<group>"; };
		66EA3A4F2C34788100649A13 /* FetchAccountSummariesStubUseCase.swift */ = {isa = PBXFileReference; lastKnownFileType = sourcecode.swift; path = FetchAccountSummariesStubUseCase.swift; sourceTree = "<group>"; };
		66EA3A512C347A2500649A13 /* APIClient.swift */ = {isa = PBXFileReference; lastKnownFileType = sourcecode.swift; path = APIClient.swift; sourceTree = "<group>"; };
		66EA3A542C347A5500649A13 /* BalanceResponseDataModel.swift */ = {isa = PBXFileReference; fileEncoding = 4; lastKnownFileType = sourcecode.swift; path = BalanceResponseDataModel.swift; sourceTree = "<group>"; };
		66EA3A552C347A5500649A13 /* AccountDataModel.swift */ = {isa = PBXFileReference; fileEncoding = 4; lastKnownFileType = sourcecode.swift; path = AccountDataModel.swift; sourceTree = "<group>"; };
		66EA3A562C347A5500649A13 /* MoneyDataModel.swift */ = {isa = PBXFileReference; fileEncoding = 4; lastKnownFileType = sourcecode.swift; path = MoneyDataModel.swift; sourceTree = "<group>"; };
		66EA3A572C347A5500649A13 /* AccountsResponseDataModel.swift */ = {isa = PBXFileReference; fileEncoding = 4; lastKnownFileType = sourcecode.swift; path = AccountsResponseDataModel.swift; sourceTree = "<group>"; };
		66EA3A582C347A5500649A13 /* AccountTypeDataModel.swift */ = {isa = PBXFileReference; fileEncoding = 4; lastKnownFileType = sourcecode.swift; path = AccountTypeDataModel.swift; sourceTree = "<group>"; };
		66EA3A5E2C347AE500649A13 /* AccountAPIRepository.swift */ = {isa = PBXFileReference; lastKnownFileType = sourcecode.swift; path = AccountAPIRepository.swift; sourceTree = "<group>"; };
		66EA3A612C347B0B00649A13 /* AccountTypeMapper.swift */ = {isa = PBXFileReference; fileEncoding = 4; lastKnownFileType = sourcecode.swift; path = AccountTypeMapper.swift; sourceTree = "<group>"; };
		66EA3A622C347B0B00649A13 /* MoneyMapper.swift */ = {isa = PBXFileReference; fileEncoding = 4; lastKnownFileType = sourcecode.swift; path = MoneyMapper.swift; sourceTree = "<group>"; };
		66EA3A632C347B0C00649A13 /* AccountMapper.swift */ = {isa = PBXFileReference; fileEncoding = 4; lastKnownFileType = sourcecode.swift; path = AccountMapper.swift; sourceTree = "<group>"; };
		66EA3A6A2C347BD200649A13 /* AccountTypeMapperTests.swift */ = {isa = PBXFileReference; lastKnownFileType = sourcecode.swift; path = AccountTypeMapperTests.swift; sourceTree = "<group>"; };
		66EA3A6C2C347C6C00649A13 /* BalanceMapperTests.swift */ = {isa = PBXFileReference; lastKnownFileType = sourcecode.swift; path = BalanceMapperTests.swift; sourceTree = "<group>"; };
		66EA3A6E2C347CEC00649A13 /* AccountMapperTests.swift */ = {isa = PBXFileReference; lastKnownFileType = sourcecode.swift; path = AccountMapperTests.swift; sourceTree = "<group>"; };
		66EA3A702C347E5100649A13 /* AccountAPIRepositoryTests.swift */ = {isa = PBXFileReference; lastKnownFileType = sourcecode.swift; path = AccountAPIRepositoryTests.swift; sourceTree = "<group>"; };
		66EA3A722C347E8100649A13 /* APIStubClient.swift */ = {isa = PBXFileReference; lastKnownFileType = sourcecode.swift; path = APIStubClient.swift; sourceTree = "<group>"; };
		66EA3A752C34819B00649A13 /* APIRequest.swift */ = {isa = PBXFileReference; lastKnownFileType = sourcecode.swift; path = APIRequest.swift; sourceTree = "<group>"; };
		66EA3A772C3481B600649A13 /* APIRequestMethod.swift */ = {isa = PBXFileReference; lastKnownFileType = sourcecode.swift; path = APIRequestMethod.swift; sourceTree = "<group>"; };
		66EA3A792C3481E900649A13 /* DecodableAPIRequest.swift */ = {isa = PBXFileReference; lastKnownFileType = sourcecode.swift; path = DecodableAPIRequest.swift; sourceTree = "<group>"; };
		66EA3A7C2C3482A000649A13 /* AccountsRequest.swift */ = {isa = PBXFileReference; lastKnownFileType = sourcecode.swift; path = AccountsRequest.swift; sourceTree = "<group>"; };
		66EA3A7E2C34831400649A13 /* BalanceRequest.swift */ = {isa = PBXFileReference; lastKnownFileType = sourcecode.swift; path = BalanceRequest.swift; sourceTree = "<group>"; };
		66EA3A812C348E9F00649A13 /* APIHTTPClient.swift */ = {isa = PBXFileReference; lastKnownFileType = sourcecode.swift; path = APIHTTPClient.swift; sourceTree = "<group>"; };
		66EA3A832C348EE200649A13 /* AuthorizationProviding.swift */ = {isa = PBXFileReference; lastKnownFileType = sourcecode.swift; path = AuthorizationProviding.swift; sourceTree = "<group>"; };
		66EA3A852C348F9E00649A13 /* JSONDeocder+StarlingAPI.swift */ = {isa = PBXFileReference; lastKnownFileType = sourcecode.swift; path = "JSONDeocder+StarlingAPI.swift"; sourceTree = "<group>"; };
		66EA3A872C3490C800649A13 /* AuthorizationMockProvider.swift */ = {isa = PBXFileReference; lastKnownFileType = sourcecode.swift; path = AuthorizationMockProvider.swift; sourceTree = "<group>"; };
		66EA3A8A2C3491D200649A13 /* AccountsRequestTests.swift */ = {isa = PBXFileReference; lastKnownFileType = sourcecode.swift; path = AccountsRequestTests.swift; sourceTree = "<group>"; };
		66EA3A8C2C34924400649A13 /* BalanceRequestTests.swift */ = {isa = PBXFileReference; lastKnownFileType = sourcecode.swift; path = BalanceRequestTests.swift; sourceTree = "<group>"; };
		66EA3A8E2C3492A400649A13 /* Coordinator.swift */ = {isa = PBXFileReference; lastKnownFileType = sourcecode.swift; path = Coordinator.swift; sourceTree = "<group>"; };
		66EA3A902C3492BD00649A13 /* AppCoordinator.swift */ = {isa = PBXFileReference; lastKnownFileType = sourcecode.swift; path = AppCoordinator.swift; sourceTree = "<group>"; };
		66EA3A932C349F5500649A13 /* Development.xcconfig */ = {isa = PBXFileReference; lastKnownFileType = text.xcconfig; path = Development.xcconfig; sourceTree = "<group>"; };
		66EA3A942C34A47200649A13 /* Environment.swift */ = {isa = PBXFileReference; lastKnownFileType = sourcecode.swift; path = Environment.swift; sourceTree = "<group>"; };
		66EA3A962C34A98C00649A13 /* MainNavigationController.swift */ = {isa = PBXFileReference; lastKnownFileType = sourcecode.swift; path = MainNavigationController.swift; sourceTree = "<group>"; };
		66EA3A982C34B02100649A13 /* AccountListViewControllerDelegate.swift */ = {isa = PBXFileReference; lastKnownFileType = sourcecode.swift; path = AccountListViewControllerDelegate.swift; sourceTree = "<group>"; };
		66EA3A9A2C34B3C600649A13 /* FetchAccountSummaryUseCase.swift */ = {isa = PBXFileReference; lastKnownFileType = sourcecode.swift; path = FetchAccountSummaryUseCase.swift; sourceTree = "<group>"; };
		66EA3A9C2C34B3F000649A13 /* FetchAccountSummary.swift */ = {isa = PBXFileReference; lastKnownFileType = sourcecode.swift; path = FetchAccountSummary.swift; sourceTree = "<group>"; };
		66EA3AA02C355DBB00649A13 /* AccountDetailsViewController.swift */ = {isa = PBXFileReference; lastKnownFileType = sourcecode.swift; path = AccountDetailsViewController.swift; sourceTree = "<group>"; };
		66EA3AA22C355E0000649A13 /* AccountDetailsViewModeling.swift */ = {isa = PBXFileReference; lastKnownFileType = sourcecode.swift; path = AccountDetailsViewModeling.swift; sourceTree = "<group>"; };
		66EA3AA52C355F6C00649A13 /* AccountDetailsViewModel.swift */ = {isa = PBXFileReference; lastKnownFileType = sourcecode.swift; path = AccountDetailsViewModel.swift; sourceTree = "<group>"; };
		66EA3AAA2C35684700649A13 /* AccountDetailsSummaryView.swift */ = {isa = PBXFileReference; lastKnownFileType = sourcecode.swift; path = AccountDetailsSummaryView.swift; sourceTree = "<group>"; };
		66EA3AAD2C356C3B00649A13 /* ImageName.swift */ = {isa = PBXFileReference; lastKnownFileType = sourcecode.swift; path = ImageName.swift; sourceTree = "<group>"; };
		66EA3AAF2C356CEF00649A13 /* FetchAccountSummaryTests.swift */ = {isa = PBXFileReference; lastKnownFileType = sourcecode.swift; path = FetchAccountSummaryTests.swift; sourceTree = "<group>"; };
		66EA3AB32C356FB200649A13 /* AccountDetailsViewModelTests.swift */ = {isa = PBXFileReference; lastKnownFileType = sourcecode.swift; path = AccountDetailsViewModelTests.swift; sourceTree = "<group>"; };
		66EA3AB52C356FEF00649A13 /* FetchAccountSummaryStubUseCase.swift */ = {isa = PBXFileReference; lastKnownFileType = sourcecode.swift; path = FetchAccountSummaryStubUseCase.swift; sourceTree = "<group>"; };
		66EA3AB72C3580D600649A13 /* FetchSavingsGoalsUseCase.swift */ = {isa = PBXFileReference; lastKnownFileType = sourcecode.swift; path = FetchSavingsGoalsUseCase.swift; sourceTree = "<group>"; };
		66EA3AB92C3580FC00649A13 /* SavingsGoal.swift */ = {isa = PBXFileReference; lastKnownFileType = sourcecode.swift; path = SavingsGoal.swift; sourceTree = "<group>"; };
		66EA3ABB2C35817F00649A13 /* SavingsGoalState.swift */ = {isa = PBXFileReference; lastKnownFileType = sourcecode.swift; path = SavingsGoalState.swift; sourceTree = "<group>"; };
		66EA3ABD2C3581E500649A13 /* FetchSavingsGoals.swift */ = {isa = PBXFileReference; lastKnownFileType = sourcecode.swift; path = FetchSavingsGoals.swift; sourceTree = "<group>"; };
		66EA3ABF2C35820C00649A13 /* SavingsGoalRepository.swift */ = {isa = PBXFileReference; lastKnownFileType = sourcecode.swift; path = SavingsGoalRepository.swift; sourceTree = "<group>"; };
		66EA3AC12C3582AC00649A13 /* FetchSavingsGoalsTests.swift */ = {isa = PBXFileReference; lastKnownFileType = sourcecode.swift; path = FetchSavingsGoalsTests.swift; sourceTree = "<group>"; };
		66EA3AC32C3582D800649A13 /* SavingsGoalStubRepository.swift */ = {isa = PBXFileReference; lastKnownFileType = sourcecode.swift; path = SavingsGoalStubRepository.swift; sourceTree = "<group>"; };
/* End PBXFileReference section */

/* Begin PBXFrameworksBuildPhase section */
		66B899272C3414310056F308 /* Frameworks */ = {
			isa = PBXFrameworksBuildPhase;
			buildActionMask = 2147483647;
			files = (
			);
			runOnlyForDeploymentPostprocessing = 0;
		};
		66B8993D2C3414320056F308 /* Frameworks */ = {
			isa = PBXFrameworksBuildPhase;
			buildActionMask = 2147483647;
			files = (
			);
			runOnlyForDeploymentPostprocessing = 0;
		};
		66B899472C3414320056F308 /* Frameworks */ = {
			isa = PBXFrameworksBuildPhase;
			buildActionMask = 2147483647;
			files = (
			);
			runOnlyForDeploymentPostprocessing = 0;
		};
/* End PBXFrameworksBuildPhase section */

/* Begin PBXGroup section */
		66B899212C3414310056F308 = {
			isa = PBXGroup;
			children = (
				66B8992C2C3414310056F308 /* StarlingRoundUp */,
				66B899432C3414320056F308 /* StarlingRoundUpTests */,
				66B8994D2C3414320056F308 /* StarlingRoundUpUITests */,
				66D876D82C3467DB0012CA55 /* TestPlans */,
				66EA3A932C349F5500649A13 /* Development.xcconfig */,
				66B8992B2C3414310056F308 /* Products */,
			);
			sourceTree = "<group>";
		};
		66B8992B2C3414310056F308 /* Products */ = {
			isa = PBXGroup;
			children = (
				66B8992A2C3414310056F308 /* StarlingRoundUp.app */,
				66B899402C3414320056F308 /* StarlingRoundUpTests.xctest */,
				66B8994A2C3414320056F308 /* StarlingRoundUpUITests.xctest */,
			);
			name = Products;
			sourceTree = "<group>";
		};
		66B8992C2C3414310056F308 /* StarlingRoundUp */ = {
			isa = PBXGroup;
			children = (
				66B8992D2C3414310056F308 /* AppDelegate.swift */,
				66B8992F2C3414310056F308 /* SceneDelegate.swift */,
				66EA3A942C34A47200649A13 /* Environment.swift */,
				66EA3A442C3476F000649A13 /* AppFactory.swift */,
				66EA3A872C3490C800649A13 /* AuthorizationMockProvider.swift */,
				66D876C62C3465650012CA55 /* UI */,
				66D876C82C3465BB0012CA55 /* Domain */,
				66EA3A462C34774300649A13 /* Data */,
				66EA3A802C348E8300649A13 /* Networking */,
				66B899362C3414320056F308 /* Assets.xcassets */,
				66EA3A3F2C34765900649A13 /* Localizable.xcstrings */,
				66B899382C3414320056F308 /* LaunchScreen.storyboard */,
				66B8993B2C3414320056F308 /* Info.plist */,
			);
			path = StarlingRoundUp;
			sourceTree = "<group>";
		};
		66B899432C3414320056F308 /* StarlingRoundUpTests */ = {
			isa = PBXGroup;
			children = (
				66EA3A4A2C34780D00649A13 /* UI */,
				66D876D42C3467370012CA55 /* Domain */,
				66EA3A672C347BAC00649A13 /* Data */,
				66EA3A922C3495B200649A13 /* Networking */,
			);
			path = StarlingRoundUpTests;
			sourceTree = "<group>";
		};
		66B8994D2C3414320056F308 /* StarlingRoundUpUITests */ = {
			isa = PBXGroup;
			children = (
				66B8994E2C3414320056F308 /* StarlingRoundUpUITests.swift */,
			);
			path = StarlingRoundUpUITests;
			sourceTree = "<group>";
		};
		66D876C62C3465650012CA55 /* UI */ = {
			isa = PBXGroup;
			children = (
				66EA3A8E2C3492A400649A13 /* Coordinator.swift */,
				66EA3A902C3492BD00649A13 /* AppCoordinator.swift */,
				66EA3A962C34A98C00649A13 /* MainNavigationController.swift */,
				66D876C72C3465860012CA55 /* AccountList */,
				66EA3A9F2C355D9F00649A13 /* AccountDetails */,
				66EA3AAC2C356C3000649A13 /* Shared */,
			);
			path = UI;
			sourceTree = "<group>";
		};
		66D876C72C3465860012CA55 /* AccountList */ = {
			isa = PBXGroup;
			children = (
				66B899312C3414310056F308 /* AccountListViewController.swift */,
				66EA3A982C34B02100649A13 /* AccountListViewControllerDelegate.swift */,
				66EA3A3D2C34759500649A13 /* AccountListViewModeling.swift */,
				66EA3A412C34766C00649A13 /* ViewModels */,
			);
			path = AccountList;
			sourceTree = "<group>";
		};
		66D876C82C3465BB0012CA55 /* Domain */ = {
			isa = PBXGroup;
			children = (
				66D876C92C3465DB0012CA55 /* FetchAccountSummariesUseCase.swift */,
				66EA3A9A2C34B3C600649A13 /* FetchAccountSummaryUseCase.swift */,
				66EA3AB72C3580D600649A13 /* FetchSavingsGoalsUseCase.swift */,
				66EA3A312C34689F00649A13 /* UseCases */,
				66D876CB2C3466100012CA55 /* Models */,
				66EA3A352C34690200649A13 /* Repositories */,
			);
			path = Domain;
			sourceTree = "<group>";
		};
		66D876CB2C3466100012CA55 /* Models */ = {
			isa = PBXGroup;
			children = (
				66D876D22C3466F30012CA55 /* Account.swift */,
				66D876CC2C34661C0012CA55 /* AccountSummary.swift */,
				66D876CE2C3466490012CA55 /* AccountType.swift */,
				66D876D02C3466860012CA55 /* Money.swift */,
				66EA3AB92C3580FC00649A13 /* SavingsGoal.swift */,
				66EA3ABB2C35817F00649A13 /* SavingsGoalState.swift */,
			);
			path = Models;
			sourceTree = "<group>";
		};
		66D876D42C3467370012CA55 /* Domain */ = {
			isa = PBXGroup;
			children = (
				66EA3A4F2C34788100649A13 /* FetchAccountSummariesStubUseCase.swift */,
				66EA3AB52C356FEF00649A13 /* FetchAccountSummaryStubUseCase.swift */,
				66EA3A342C3468F100649A13 /* UseCases */,
				66D876D52C3467420012CA55 /* Models */,
				66EA3A3A2C346A9000649A13 /* Repositories */,
			);
			path = Domain;
			sourceTree = "<group>";
		};
		66D876D52C3467420012CA55 /* Models */ = {
			isa = PBXGroup;
			children = (
				66D876D62C34675F0012CA55 /* MoneyTests.swift */,
			);
			path = Models;
			sourceTree = "<group>";
		};
		66D876D82C3467DB0012CA55 /* TestPlans */ = {
			isa = PBXGroup;
			children = (
				66D876D92C3467F50012CA55 /* StarlingRoundUp.xctestplan */,
			);
			path = TestPlans;
			sourceTree = "<group>";
		};
		66EA3A312C34689F00649A13 /* UseCases */ = {
			isa = PBXGroup;
			children = (
				66EA3A322C3468BA00649A13 /* FetchAccountSummaries.swift */,
				66EA3A9C2C34B3F000649A13 /* FetchAccountSummary.swift */,
				66EA3ABD2C3581E500649A13 /* FetchSavingsGoals.swift */,
			);
			path = UseCases;
			sourceTree = "<group>";
		};
		66EA3A342C3468F100649A13 /* UseCases */ = {
			isa = PBXGroup;
			children = (
				66EA3A382C346A5D00649A13 /* FetchAccountSummariesTests.swift */,
				66EA3AAF2C356CEF00649A13 /* FetchAccountSummaryTests.swift */,
				66EA3AC12C3582AC00649A13 /* FetchSavingsGoalsTests.swift */,
			);
			path = UseCases;
			sourceTree = "<group>";
		};
		66EA3A352C34690200649A13 /* Repositories */ = {
			isa = PBXGroup;
			children = (
				66EA3A362C34691400649A13 /* AccountRepository.swift */,
				66EA3ABF2C35820C00649A13 /* SavingsGoalRepository.swift */,
			);
			path = Repositories;
			sourceTree = "<group>";
		};
		66EA3A3A2C346A9000649A13 /* Repositories */ = {
			isa = PBXGroup;
			children = (
				66EA3A3B2C346A9E00649A13 /* AccountStubRepository.swift */,
				66EA3AC32C3582D800649A13 /* SavingsGoalStubRepository.swift */,
			);
			path = Repositories;
			sourceTree = "<group>";
		};
		66EA3A412C34766C00649A13 /* ViewModels */ = {
			isa = PBXGroup;
			children = (
				66EA3A422C34768E00649A13 /* AccountListViewModel.swift */,
			);
			path = ViewModels;
			sourceTree = "<group>";
		};
		66EA3A462C34774300649A13 /* Data */ = {
			isa = PBXGroup;
			children = (
				66EA3A5E2C347AE500649A13 /* AccountAPIRepository.swift */,
				66EA3A7B2C34828400649A13 /* Requests */,
				66EA3A602C347AF700649A13 /* Mappers */,
				66EA3A532C347A3A00649A13 /* Models */,
				66EA3A742C34818000649A13 /* APIClient */,
			);
			path = Data;
			sourceTree = "<group>";
		};
		66EA3A4A2C34780D00649A13 /* UI */ = {
			isa = PBXGroup;
			children = (
				66EA3A4B2C34781300649A13 /* AccountList */,
				66EA3AB12C356F7700649A13 /* AccountDetails */,
			);
			path = UI;
			sourceTree = "<group>";
		};
		66EA3A4B2C34781300649A13 /* AccountList */ = {
			isa = PBXGroup;
			children = (
				66EA3A4C2C34782100649A13 /* ViewModels */,
			);
			path = AccountList;
			sourceTree = "<group>";
		};
		66EA3A4C2C34782100649A13 /* ViewModels */ = {
			isa = PBXGroup;
			children = (
				66EA3A4D2C34784500649A13 /* AccountListViewModelTests.swift */,
			);
			path = ViewModels;
			sourceTree = "<group>";
		};
		66EA3A532C347A3A00649A13 /* Models */ = {
			isa = PBXGroup;
			children = (
				66EA3A552C347A5500649A13 /* AccountDataModel.swift */,
				66EA3A572C347A5500649A13 /* AccountsResponseDataModel.swift */,
				66EA3A582C347A5500649A13 /* AccountTypeDataModel.swift */,
				66EA3A542C347A5500649A13 /* BalanceResponseDataModel.swift */,
				66EA3A562C347A5500649A13 /* MoneyDataModel.swift */,
			);
			path = Models;
			sourceTree = "<group>";
		};
		66EA3A602C347AF700649A13 /* Mappers */ = {
			isa = PBXGroup;
			children = (
				66EA3A632C347B0C00649A13 /* AccountMapper.swift */,
				66EA3A622C347B0B00649A13 /* MoneyMapper.swift */,
				66EA3A612C347B0B00649A13 /* AccountTypeMapper.swift */,
			);
			path = Mappers;
			sourceTree = "<group>";
		};
		66EA3A672C347BAC00649A13 /* Data */ = {
			isa = PBXGroup;
			children = (
				66EA3A702C347E5100649A13 /* AccountAPIRepositoryTests.swift */,
				66EA3A892C3491BC00649A13 /* Requests */,
				66EA3A692C347BC300649A13 /* Mappers */,
				66EA3A9E2C355D2A00649A13 /* APIClient */,
			);
			path = Data;
			sourceTree = "<group>";
		};
		66EA3A692C347BC300649A13 /* Mappers */ = {
			isa = PBXGroup;
			children = (
				66EA3A6E2C347CEC00649A13 /* AccountMapperTests.swift */,
				66EA3A6A2C347BD200649A13 /* AccountTypeMapperTests.swift */,
				66EA3A6C2C347C6C00649A13 /* BalanceMapperTests.swift */,
			);
			path = Mappers;
			sourceTree = "<group>";
		};
		66EA3A742C34818000649A13 /* APIClient */ = {
			isa = PBXGroup;
			children = (
				66EA3A512C347A2500649A13 /* APIClient.swift */,
				66EA3A752C34819B00649A13 /* APIRequest.swift */,
				66EA3A772C3481B600649A13 /* APIRequestMethod.swift */,
				66EA3A792C3481E900649A13 /* DecodableAPIRequest.swift */,
			);
			path = APIClient;
			sourceTree = "<group>";
		};
		66EA3A7B2C34828400649A13 /* Requests */ = {
			isa = PBXGroup;
			children = (
				66EA3A7C2C3482A000649A13 /* AccountsRequest.swift */,
				66EA3A7E2C34831400649A13 /* BalanceRequest.swift */,
			);
			path = Requests;
			sourceTree = "<group>";
		};
		66EA3A802C348E8300649A13 /* Networking */ = {
			isa = PBXGroup;
			children = (
				66EA3A812C348E9F00649A13 /* APIHTTPClient.swift */,
				66EA3A832C348EE200649A13 /* AuthorizationProviding.swift */,
				66EA3A852C348F9E00649A13 /* JSONDeocder+StarlingAPI.swift */,
			);
			path = Networking;
			sourceTree = "<group>";
		};
		66EA3A892C3491BC00649A13 /* Requests */ = {
			isa = PBXGroup;
			children = (
				66EA3A8A2C3491D200649A13 /* AccountsRequestTests.swift */,
				66EA3A8C2C34924400649A13 /* BalanceRequestTests.swift */,
			);
			path = Requests;
			sourceTree = "<group>";
		};
		66EA3A922C3495B200649A13 /* Networking */ = {
			isa = PBXGroup;
			children = (
			);
			path = Networking;
			sourceTree = "<group>";
		};
		66EA3A9E2C355D2A00649A13 /* APIClient */ = {
			isa = PBXGroup;
			children = (
				66EA3A722C347E8100649A13 /* APIStubClient.swift */,
			);
			path = APIClient;
			sourceTree = "<group>";
		};
		66EA3A9F2C355D9F00649A13 /* AccountDetails */ = {
			isa = PBXGroup;
			children = (
				66EA3AA02C355DBB00649A13 /* AccountDetailsViewController.swift */,
				66EA3AA22C355E0000649A13 /* AccountDetailsViewModeling.swift */,
				66EA3AA42C355F5400649A13 /* ViewModels */,
				66EA3AA72C35682100649A13 /* Views */,
			);
			path = AccountDetails;
			sourceTree = "<group>";
		};
		66EA3AA42C355F5400649A13 /* ViewModels */ = {
			isa = PBXGroup;
			children = (
				66EA3AA52C355F6C00649A13 /* AccountDetailsViewModel.swift */,
			);
			path = ViewModels;
			sourceTree = "<group>";
		};
		66EA3AA72C35682100649A13 /* Views */ = {
			isa = PBXGroup;
			children = (
				66EA3AAA2C35684700649A13 /* AccountDetailsSummaryView.swift */,
			);
			path = Views;
			sourceTree = "<group>";
		};
		66EA3AAC2C356C3000649A13 /* Shared */ = {
			isa = PBXGroup;
			children = (
				66EA3AAD2C356C3B00649A13 /* ImageName.swift */,
			);
			path = Shared;
			sourceTree = "<group>";
		};
		66EA3AB12C356F7700649A13 /* AccountDetails */ = {
			isa = PBXGroup;
			children = (
				66EA3AB22C356F7F00649A13 /* ViewModels */,
			);
			path = AccountDetails;
			sourceTree = "<group>";
		};
		66EA3AB22C356F7F00649A13 /* ViewModels */ = {
			isa = PBXGroup;
			children = (
				66EA3AB32C356FB200649A13 /* AccountDetailsViewModelTests.swift */,
			);
			path = ViewModels;
			sourceTree = "<group>";
		};
/* End PBXGroup section */

/* Begin PBXNativeTarget section */
		66B899292C3414310056F308 /* StarlingRoundUp */ = {
			isa = PBXNativeTarget;
			buildConfigurationList = 66B899542C3414320056F308 /* Build configuration list for PBXNativeTarget "StarlingRoundUp" */;
			buildPhases = (
				66B899262C3414310056F308 /* Sources */,
				66B899272C3414310056F308 /* Frameworks */,
				66B899282C3414310056F308 /* Resources */,
			);
			buildRules = (
			);
			dependencies = (
			);
			name = StarlingRoundUp;
			productName = StarlingRoundUp;
			productReference = 66B8992A2C3414310056F308 /* StarlingRoundUp.app */;
			productType = "com.apple.product-type.application";
		};
		66B8993F2C3414320056F308 /* StarlingRoundUpTests */ = {
			isa = PBXNativeTarget;
			buildConfigurationList = 66B899572C3414320056F308 /* Build configuration list for PBXNativeTarget "StarlingRoundUpTests" */;
			buildPhases = (
				66B8993C2C3414320056F308 /* Sources */,
				66B8993D2C3414320056F308 /* Frameworks */,
				66B8993E2C3414320056F308 /* Resources */,
			);
			buildRules = (
			);
			dependencies = (
				66B899422C3414320056F308 /* PBXTargetDependency */,
			);
			name = StarlingRoundUpTests;
			productName = StarlingRoundUpTests;
			productReference = 66B899402C3414320056F308 /* StarlingRoundUpTests.xctest */;
			productType = "com.apple.product-type.bundle.unit-test";
		};
		66B899492C3414320056F308 /* StarlingRoundUpUITests */ = {
			isa = PBXNativeTarget;
			buildConfigurationList = 66B8995A2C3414320056F308 /* Build configuration list for PBXNativeTarget "StarlingRoundUpUITests" */;
			buildPhases = (
				66B899462C3414320056F308 /* Sources */,
				66B899472C3414320056F308 /* Frameworks */,
				66B899482C3414320056F308 /* Resources */,
			);
			buildRules = (
			);
			dependencies = (
				66B8994C2C3414320056F308 /* PBXTargetDependency */,
			);
			name = StarlingRoundUpUITests;
			productName = StarlingRoundUpUITests;
			productReference = 66B8994A2C3414320056F308 /* StarlingRoundUpUITests.xctest */;
			productType = "com.apple.product-type.bundle.ui-testing";
		};
/* End PBXNativeTarget section */

/* Begin PBXProject section */
		66B899222C3414310056F308 /* Project object */ = {
			isa = PBXProject;
			attributes = {
				BuildIndependentTargetsInParallel = 1;
				LastSwiftUpdateCheck = 1540;
				LastUpgradeCheck = 1540;
				TargetAttributes = {
					66B899292C3414310056F308 = {
						CreatedOnToolsVersion = 15.4;
					};
					66B8993F2C3414320056F308 = {
						CreatedOnToolsVersion = 15.4;
						LastSwiftMigration = 1540;
						TestTargetID = 66B899292C3414310056F308;
					};
					66B899492C3414320056F308 = {
						CreatedOnToolsVersion = 15.4;
						TestTargetID = 66B899292C3414310056F308;
					};
				};
			};
			buildConfigurationList = 66B899252C3414310056F308 /* Build configuration list for PBXProject "StarlingRoundUp" */;
			compatibilityVersion = "Xcode 14.0";
			developmentRegion = en;
			hasScannedForEncodings = 0;
			knownRegions = (
				en,
				Base,
			);
			mainGroup = 66B899212C3414310056F308;
			productRefGroup = 66B8992B2C3414310056F308 /* Products */;
			projectDirPath = "";
			projectRoot = "";
			targets = (
				66B899292C3414310056F308 /* StarlingRoundUp */,
				66B8993F2C3414320056F308 /* StarlingRoundUpTests */,
				66B899492C3414320056F308 /* StarlingRoundUpUITests */,
			);
		};
/* End PBXProject section */

/* Begin PBXResourcesBuildPhase section */
		66B899282C3414310056F308 /* Resources */ = {
			isa = PBXResourcesBuildPhase;
			buildActionMask = 2147483647;
			files = (
				66B899372C3414320056F308 /* Assets.xcassets in Resources */,
				66B8993A2C3414320056F308 /* Base in Resources */,
				66EA3A402C34765900649A13 /* Localizable.xcstrings in Resources */,
			);
			runOnlyForDeploymentPostprocessing = 0;
		};
		66B8993E2C3414320056F308 /* Resources */ = {
			isa = PBXResourcesBuildPhase;
			buildActionMask = 2147483647;
			files = (
			);
			runOnlyForDeploymentPostprocessing = 0;
		};
		66B899482C3414320056F308 /* Resources */ = {
			isa = PBXResourcesBuildPhase;
			buildActionMask = 2147483647;
			files = (
			);
			runOnlyForDeploymentPostprocessing = 0;
		};
/* End PBXResourcesBuildPhase section */

/* Begin PBXSourcesBuildPhase section */
		66B899262C3414310056F308 /* Sources */ = {
			isa = PBXSourcesBuildPhase;
			buildActionMask = 2147483647;
			files = (
				66EA3A662C347B0C00649A13 /* AccountMapper.swift in Sources */,
				66D876CA2C3465DB0012CA55 /* FetchAccountSummariesUseCase.swift in Sources */,
				66EA3AAE2C356C3B00649A13 /* ImageName.swift in Sources */,
				66EA3A9B2C34B3C600649A13 /* FetchAccountSummaryUseCase.swift in Sources */,
				66EA3AA62C355F6C00649A13 /* AccountDetailsViewModel.swift in Sources */,
				66EA3AA12C355DBB00649A13 /* AccountDetailsViewController.swift in Sources */,
				66EA3A912C3492BD00649A13 /* AppCoordinator.swift in Sources */,
				66EA3AC02C35820C00649A13 /* SavingsGoalRepository.swift in Sources */,
				66D876CF2C3466490012CA55 /* AccountType.swift in Sources */,
				66EA3A762C34819B00649A13 /* APIRequest.swift in Sources */,
				66EA3A642C347B0C00649A13 /* AccountTypeMapper.swift in Sources */,
				66EA3ABA2C3580FC00649A13 /* SavingsGoal.swift in Sources */,
				66EA3A5B2C347A5500649A13 /* MoneyDataModel.swift in Sources */,
				66EA3A9D2C34B3F000649A13 /* FetchAccountSummary.swift in Sources */,
				66EA3ABE2C3581E500649A13 /* FetchSavingsGoals.swift in Sources */,
				66D876CD2C34661C0012CA55 /* AccountSummary.swift in Sources */,
				66EA3A372C34691400649A13 /* AccountRepository.swift in Sources */,
				66EA3A882C3490C800649A13 /* AuthorizationMockProvider.swift in Sources */,
				66B899322C3414310056F308 /* AccountListViewController.swift in Sources */,
				66EA3A822C348E9F00649A13 /* APIHTTPClient.swift in Sources */,
				66EA3AAB2C35684700649A13 /* AccountDetailsSummaryView.swift in Sources */,
				66EA3A782C3481B600649A13 /* APIRequestMethod.swift in Sources */,
				66EA3A842C348EE200649A13 /* AuthorizationProviding.swift in Sources */,
				66EA3A3E2C34759500649A13 /* AccountListViewModeling.swift in Sources */,
				66EA3A452C3476F000649A13 /* AppFactory.swift in Sources */,
				66EA3A7F2C34831400649A13 /* BalanceRequest.swift in Sources */,
				66EA3ABC2C35817F00649A13 /* SavingsGoalState.swift in Sources */,
				66EA3A5C2C347A5500649A13 /* AccountsResponseDataModel.swift in Sources */,
				66EA3A972C34A98C00649A13 /* MainNavigationController.swift in Sources */,
				66EA3A8F2C3492A400649A13 /* Coordinator.swift in Sources */,
				66EA3A862C348F9E00649A13 /* JSONDeocder+StarlingAPI.swift in Sources */,
				66EA3A522C347A2500649A13 /* APIClient.swift in Sources */,
				66EA3A5D2C347A5500649A13 /* AccountTypeDataModel.swift in Sources */,
				66EA3AB82C3580D600649A13 /* FetchSavingsGoalsUseCase.swift in Sources */,
				66EA3A592C347A5500649A13 /* BalanceResponseDataModel.swift in Sources */,
				66B8992E2C3414310056F308 /* AppDelegate.swift in Sources */,
				66EA3AA32C355E0000649A13 /* AccountDetailsViewModeling.swift in Sources */,
				66EA3A952C34A47200649A13 /* Environment.swift in Sources */,
				66EA3A7A2C3481E900649A13 /* DecodableAPIRequest.swift in Sources */,
				66EA3A992C34B02100649A13 /* AccountListViewControllerDelegate.swift in Sources */,
				66EA3A652C347B0C00649A13 /* MoneyMapper.swift in Sources */,
				66EA3A5F2C347AE500649A13 /* AccountAPIRepository.swift in Sources */,
				66EA3A7D2C3482A000649A13 /* AccountsRequest.swift in Sources */,
				66D876D32C3466F30012CA55 /* Account.swift in Sources */,
				66EA3A332C3468BA00649A13 /* FetchAccountSummaries.swift in Sources */,
				66D876D12C3466860012CA55 /* Money.swift in Sources */,
				66EA3A5A2C347A5500649A13 /* AccountDataModel.swift in Sources */,
				66EA3A432C34768E00649A13 /* AccountListViewModel.swift in Sources */,
				66B899302C3414310056F308 /* SceneDelegate.swift in Sources */,
			);
			runOnlyForDeploymentPostprocessing = 0;
		};
		66B8993C2C3414320056F308 /* Sources */ = {
			isa = PBXSourcesBuildPhase;
			buildActionMask = 2147483647;
			files = (
				66EA3A6F2C347CEC00649A13 /* AccountMapperTests.swift in Sources */,
				66EA3A6D2C347C6C00649A13 /* BalanceMapperTests.swift in Sources */,
				66EA3A8D2C34924400649A13 /* BalanceRequestTests.swift in Sources */,
				66EA3A6B2C347BD200649A13 /* AccountTypeMapperTests.swift in Sources */,
				66EA3AB62C356FEF00649A13 /* FetchAccountSummaryStubUseCase.swift in Sources */,
				66EA3AC22C3582AC00649A13 /* FetchSavingsGoalsTests.swift in Sources */,
				66EA3A732C347E8100649A13 /* APIStubClient.swift in Sources */,
				66EA3A392C346A5D00649A13 /* FetchAccountSummariesTests.swift in Sources */,
				66EA3A502C34788100649A13 /* FetchAccountSummariesStubUseCase.swift in Sources */,
				66EA3A8B2C3491D200649A13 /* AccountsRequestTests.swift in Sources */,
				66EA3A712C347E5100649A13 /* AccountAPIRepositoryTests.swift in Sources */,
				66D876D72C34675F0012CA55 /* MoneyTests.swift in Sources */,
				66EA3AB02C356CEF00649A13 /* FetchAccountSummaryTests.swift in Sources */,
				66EA3A4E2C34784500649A13 /* AccountListViewModelTests.swift in Sources */,
				66EA3A3C2C346A9E00649A13 /* AccountStubRepository.swift in Sources */,
				66EA3AB42C356FB200649A13 /* AccountDetailsViewModelTests.swift in Sources */,
				66EA3AC42C3582D800649A13 /* SavingsGoalStubRepository.swift in Sources */,
			);
			runOnlyForDeploymentPostprocessing = 0;
		};
		66B899462C3414320056F308 /* Sources */ = {
			isa = PBXSourcesBuildPhase;
			buildActionMask = 2147483647;
			files = (
				66B8994F2C3414320056F308 /* StarlingRoundUpUITests.swift in Sources */,
			);
			runOnlyForDeploymentPostprocessing = 0;
		};
/* End PBXSourcesBuildPhase section */

/* Begin PBXTargetDependency section */
		66B899422C3414320056F308 /* PBXTargetDependency */ = {
			isa = PBXTargetDependency;
			target = 66B899292C3414310056F308 /* StarlingRoundUp */;
			targetProxy = 66B899412C3414320056F308 /* PBXContainerItemProxy */;
		};
		66B8994C2C3414320056F308 /* PBXTargetDependency */ = {
			isa = PBXTargetDependency;
			target = 66B899292C3414310056F308 /* StarlingRoundUp */;
			targetProxy = 66B8994B2C3414320056F308 /* PBXContainerItemProxy */;
		};
/* End PBXTargetDependency section */

/* Begin PBXVariantGroup section */
		66B899382C3414320056F308 /* LaunchScreen.storyboard */ = {
			isa = PBXVariantGroup;
			children = (
				66B899392C3414320056F308 /* Base */,
			);
			name = LaunchScreen.storyboard;
			sourceTree = "<group>";
		};
/* End PBXVariantGroup section */

/* Begin XCBuildConfiguration section */
		66B899522C3414320056F308 /* Debug */ = {
			isa = XCBuildConfiguration;
			buildSettings = {
				ALWAYS_SEARCH_USER_PATHS = NO;
				ASSETCATALOG_COMPILER_GENERATE_SWIFT_ASSET_SYMBOL_EXTENSIONS = YES;
				CLANG_ANALYZER_NONNULL = YES;
				CLANG_ANALYZER_NUMBER_OBJECT_CONVERSION = YES_AGGRESSIVE;
				CLANG_CXX_LANGUAGE_STANDARD = "gnu++20";
				CLANG_ENABLE_MODULES = YES;
				CLANG_ENABLE_OBJC_ARC = YES;
				CLANG_ENABLE_OBJC_WEAK = YES;
				CLANG_WARN_BLOCK_CAPTURE_AUTORELEASING = YES;
				CLANG_WARN_BOOL_CONVERSION = YES;
				CLANG_WARN_COMMA = YES;
				CLANG_WARN_CONSTANT_CONVERSION = YES;
				CLANG_WARN_DEPRECATED_OBJC_IMPLEMENTATIONS = YES;
				CLANG_WARN_DIRECT_OBJC_ISA_USAGE = YES_ERROR;
				CLANG_WARN_DOCUMENTATION_COMMENTS = YES;
				CLANG_WARN_EMPTY_BODY = YES;
				CLANG_WARN_ENUM_CONVERSION = YES;
				CLANG_WARN_INFINITE_RECURSION = YES;
				CLANG_WARN_INT_CONVERSION = YES;
				CLANG_WARN_NON_LITERAL_NULL_CONVERSION = YES;
				CLANG_WARN_OBJC_IMPLICIT_RETAIN_SELF = YES;
				CLANG_WARN_OBJC_LITERAL_CONVERSION = YES;
				CLANG_WARN_OBJC_ROOT_CLASS = YES_ERROR;
				CLANG_WARN_QUOTED_INCLUDE_IN_FRAMEWORK_HEADER = YES;
				CLANG_WARN_RANGE_LOOP_ANALYSIS = YES;
				CLANG_WARN_STRICT_PROTOTYPES = YES;
				CLANG_WARN_SUSPICIOUS_MOVE = YES;
				CLANG_WARN_UNGUARDED_AVAILABILITY = YES_AGGRESSIVE;
				CLANG_WARN_UNREACHABLE_CODE = YES;
				CLANG_WARN__DUPLICATE_METHOD_MATCH = YES;
				COPY_PHASE_STRIP = NO;
				DEBUG_INFORMATION_FORMAT = dwarf;
				ENABLE_STRICT_OBJC_MSGSEND = YES;
				ENABLE_TESTABILITY = YES;
				ENABLE_USER_SCRIPT_SANDBOXING = YES;
				GCC_C_LANGUAGE_STANDARD = gnu17;
				GCC_DYNAMIC_NO_PIC = NO;
				GCC_NO_COMMON_BLOCKS = YES;
				GCC_OPTIMIZATION_LEVEL = 0;
				GCC_PREPROCESSOR_DEFINITIONS = (
					"DEBUG=1",
					"$(inherited)",
				);
				GCC_WARN_64_TO_32_BIT_CONVERSION = YES;
				GCC_WARN_ABOUT_RETURN_TYPE = YES_ERROR;
				GCC_WARN_UNDECLARED_SELECTOR = YES;
				GCC_WARN_UNINITIALIZED_AUTOS = YES_AGGRESSIVE;
				GCC_WARN_UNUSED_FUNCTION = YES;
				GCC_WARN_UNUSED_VARIABLE = YES;
				IPHONEOS_DEPLOYMENT_TARGET = 16.0;
				LOCALIZATION_PREFERS_STRING_CATALOGS = YES;
				MTL_ENABLE_DEBUG_INFO = INCLUDE_SOURCE;
				MTL_FAST_MATH = YES;
				ONLY_ACTIVE_ARCH = YES;
				SDKROOT = iphoneos;
				SWIFT_ACTIVE_COMPILATION_CONDITIONS = "DEBUG $(inherited)";
				SWIFT_OPTIMIZATION_LEVEL = "-Onone";
			};
			name = Debug;
		};
		66B899532C3414320056F308 /* Release */ = {
			isa = XCBuildConfiguration;
			buildSettings = {
				ALWAYS_SEARCH_USER_PATHS = NO;
				ASSETCATALOG_COMPILER_GENERATE_SWIFT_ASSET_SYMBOL_EXTENSIONS = YES;
				CLANG_ANALYZER_NONNULL = YES;
				CLANG_ANALYZER_NUMBER_OBJECT_CONVERSION = YES_AGGRESSIVE;
				CLANG_CXX_LANGUAGE_STANDARD = "gnu++20";
				CLANG_ENABLE_MODULES = YES;
				CLANG_ENABLE_OBJC_ARC = YES;
				CLANG_ENABLE_OBJC_WEAK = YES;
				CLANG_WARN_BLOCK_CAPTURE_AUTORELEASING = YES;
				CLANG_WARN_BOOL_CONVERSION = YES;
				CLANG_WARN_COMMA = YES;
				CLANG_WARN_CONSTANT_CONVERSION = YES;
				CLANG_WARN_DEPRECATED_OBJC_IMPLEMENTATIONS = YES;
				CLANG_WARN_DIRECT_OBJC_ISA_USAGE = YES_ERROR;
				CLANG_WARN_DOCUMENTATION_COMMENTS = YES;
				CLANG_WARN_EMPTY_BODY = YES;
				CLANG_WARN_ENUM_CONVERSION = YES;
				CLANG_WARN_INFINITE_RECURSION = YES;
				CLANG_WARN_INT_CONVERSION = YES;
				CLANG_WARN_NON_LITERAL_NULL_CONVERSION = YES;
				CLANG_WARN_OBJC_IMPLICIT_RETAIN_SELF = YES;
				CLANG_WARN_OBJC_LITERAL_CONVERSION = YES;
				CLANG_WARN_OBJC_ROOT_CLASS = YES_ERROR;
				CLANG_WARN_QUOTED_INCLUDE_IN_FRAMEWORK_HEADER = YES;
				CLANG_WARN_RANGE_LOOP_ANALYSIS = YES;
				CLANG_WARN_STRICT_PROTOTYPES = YES;
				CLANG_WARN_SUSPICIOUS_MOVE = YES;
				CLANG_WARN_UNGUARDED_AVAILABILITY = YES_AGGRESSIVE;
				CLANG_WARN_UNREACHABLE_CODE = YES;
				CLANG_WARN__DUPLICATE_METHOD_MATCH = YES;
				COPY_PHASE_STRIP = NO;
				DEBUG_INFORMATION_FORMAT = "dwarf-with-dsym";
				ENABLE_NS_ASSERTIONS = NO;
				ENABLE_STRICT_OBJC_MSGSEND = YES;
				ENABLE_USER_SCRIPT_SANDBOXING = YES;
				GCC_C_LANGUAGE_STANDARD = gnu17;
				GCC_NO_COMMON_BLOCKS = YES;
				GCC_WARN_64_TO_32_BIT_CONVERSION = YES;
				GCC_WARN_ABOUT_RETURN_TYPE = YES_ERROR;
				GCC_WARN_UNDECLARED_SELECTOR = YES;
				GCC_WARN_UNINITIALIZED_AUTOS = YES_AGGRESSIVE;
				GCC_WARN_UNUSED_FUNCTION = YES;
				GCC_WARN_UNUSED_VARIABLE = YES;
				IPHONEOS_DEPLOYMENT_TARGET = 16.0;
				LOCALIZATION_PREFERS_STRING_CATALOGS = YES;
				MTL_ENABLE_DEBUG_INFO = NO;
				MTL_FAST_MATH = YES;
				SDKROOT = iphoneos;
				SWIFT_COMPILATION_MODE = wholemodule;
				VALIDATE_PRODUCT = YES;
			};
			name = Release;
		};
		66B899552C3414320056F308 /* Debug */ = {
			isa = XCBuildConfiguration;
			baseConfigurationReference = 66EA3A932C349F5500649A13 /* Development.xcconfig */;
			buildSettings = {
				ASSETCATALOG_COMPILER_APPICON_NAME = AppIcon;
				ASSETCATALOG_COMPILER_GLOBAL_ACCENT_COLOR_NAME = AccentColor;
				CODE_SIGN_STYLE = Automatic;
				CURRENT_PROJECT_VERSION = 1;
				DEVELOPMENT_TEAM = B43ZJ6HHUE;
				GENERATE_INFOPLIST_FILE = YES;
				INFOPLIST_FILE = StarlingRoundUp/Info.plist;
				INFOPLIST_KEY_CFBundleDisplayName = "Round Up";
				INFOPLIST_KEY_UIApplicationSupportsIndirectInputEvents = YES;
				INFOPLIST_KEY_UILaunchStoryboardName = LaunchScreen;
				INFOPLIST_KEY_UIMainStoryboardFile = "";
				INFOPLIST_KEY_UISupportedInterfaceOrientations = UIInterfaceOrientationPortrait;
				INFOPLIST_KEY_UISupportedInterfaceOrientations_iPad = "UIInterfaceOrientationLandscapeLeft UIInterfaceOrientationLandscapeRight UIInterfaceOrientationPortrait UIInterfaceOrientationPortraitUpsideDown";
				LD_RUNPATH_SEARCH_PATHS = (
					"$(inherited)",
					"@executable_path/Frameworks",
				);
				MARKETING_VERSION = 1.0;
				PRODUCT_BUNDLE_IDENTIFIER = "uk.co.adam-young.StarlingRoundUp";
				PRODUCT_NAME = "$(TARGET_NAME)";
				SWIFT_EMIT_LOC_STRINGS = YES;
				SWIFT_VERSION = 5.0;
				TARGETED_DEVICE_FAMILY = "1,2";
			};
			name = Debug;
		};
		66B899562C3414320056F308 /* Release */ = {
			isa = XCBuildConfiguration;
			buildSettings = {
				ASSETCATALOG_COMPILER_APPICON_NAME = AppIcon;
				ASSETCATALOG_COMPILER_GLOBAL_ACCENT_COLOR_NAME = AccentColor;
				CODE_SIGN_STYLE = Automatic;
				CURRENT_PROJECT_VERSION = 1;
				DEVELOPMENT_TEAM = B43ZJ6HHUE;
				GENERATE_INFOPLIST_FILE = YES;
				INFOPLIST_FILE = StarlingRoundUp/Info.plist;
				INFOPLIST_KEY_CFBundleDisplayName = "Round Up";
				INFOPLIST_KEY_UIApplicationSupportsIndirectInputEvents = YES;
				INFOPLIST_KEY_UILaunchStoryboardName = LaunchScreen;
				INFOPLIST_KEY_UIMainStoryboardFile = "";
				INFOPLIST_KEY_UISupportedInterfaceOrientations = UIInterfaceOrientationPortrait;
				INFOPLIST_KEY_UISupportedInterfaceOrientations_iPad = "UIInterfaceOrientationLandscapeLeft UIInterfaceOrientationLandscapeRight UIInterfaceOrientationPortrait UIInterfaceOrientationPortraitUpsideDown";
				LD_RUNPATH_SEARCH_PATHS = (
					"$(inherited)",
					"@executable_path/Frameworks",
				);
				MARKETING_VERSION = 1.0;
				PRODUCT_BUNDLE_IDENTIFIER = "uk.co.adam-young.StarlingRoundUp";
				PRODUCT_NAME = "$(TARGET_NAME)";
				SWIFT_EMIT_LOC_STRINGS = YES;
				SWIFT_VERSION = 5.0;
				TARGETED_DEVICE_FAMILY = "1,2";
			};
			name = Release;
		};
		66B899582C3414320056F308 /* Debug */ = {
			isa = XCBuildConfiguration;
			buildSettings = {
				ALWAYS_EMBED_SWIFT_STANDARD_LIBRARIES = YES;
				BUNDLE_LOADER = "$(TEST_HOST)";
				CLANG_ENABLE_MODULES = YES;
				CODE_SIGN_STYLE = Automatic;
				CURRENT_PROJECT_VERSION = 1;
				DEVELOPMENT_TEAM = B43ZJ6HHUE;
				GENERATE_INFOPLIST_FILE = YES;
				IPHONEOS_DEPLOYMENT_TARGET = 17.5;
				MARKETING_VERSION = 1.0;
				PRODUCT_BUNDLE_IDENTIFIER = "uk.co.adam-young.StarlingRoundUpTests";
				PRODUCT_NAME = "$(TARGET_NAME)";
				SWIFT_EMIT_LOC_STRINGS = NO;
				SWIFT_OPTIMIZATION_LEVEL = "-Onone";
				SWIFT_VERSION = 5.0;
				TARGETED_DEVICE_FAMILY = "1,2";
				TEST_HOST = "$(BUILT_PRODUCTS_DIR)/StarlingRoundUp.app/$(BUNDLE_EXECUTABLE_FOLDER_PATH)/StarlingRoundUp";
			};
			name = Debug;
		};
		66B899592C3414320056F308 /* Release */ = {
			isa = XCBuildConfiguration;
			buildSettings = {
				ALWAYS_EMBED_SWIFT_STANDARD_LIBRARIES = YES;
				BUNDLE_LOADER = "$(TEST_HOST)";
				CLANG_ENABLE_MODULES = YES;
				CODE_SIGN_STYLE = Automatic;
				CURRENT_PROJECT_VERSION = 1;
				DEVELOPMENT_TEAM = B43ZJ6HHUE;
				GENERATE_INFOPLIST_FILE = YES;
				IPHONEOS_DEPLOYMENT_TARGET = 17.5;
				MARKETING_VERSION = 1.0;
				PRODUCT_BUNDLE_IDENTIFIER = "uk.co.adam-young.StarlingRoundUpTests";
				PRODUCT_NAME = "$(TARGET_NAME)";
				SWIFT_EMIT_LOC_STRINGS = NO;
				SWIFT_VERSION = 5.0;
				TARGETED_DEVICE_FAMILY = "1,2";
				TEST_HOST = "$(BUILT_PRODUCTS_DIR)/StarlingRoundUp.app/$(BUNDLE_EXECUTABLE_FOLDER_PATH)/StarlingRoundUp";
			};
			name = Release;
		};
		66B8995B2C3414320056F308 /* Debug */ = {
			isa = XCBuildConfiguration;
			buildSettings = {
				ALWAYS_EMBED_SWIFT_STANDARD_LIBRARIES = YES;
				CODE_SIGN_STYLE = Automatic;
				CURRENT_PROJECT_VERSION = 1;
				DEVELOPMENT_TEAM = B43ZJ6HHUE;
				GENERATE_INFOPLIST_FILE = YES;
				MARKETING_VERSION = 1.0;
				PRODUCT_BUNDLE_IDENTIFIER = "uk.co.adam-young.StarlingRoundUpUITests";
				PRODUCT_NAME = "$(TARGET_NAME)";
				SWIFT_EMIT_LOC_STRINGS = NO;
				SWIFT_VERSION = 5.0;
				TARGETED_DEVICE_FAMILY = "1,2";
				TEST_TARGET_NAME = StarlingRoundUp;
			};
			name = Debug;
		};
		66B8995C2C3414320056F308 /* Release */ = {
			isa = XCBuildConfiguration;
			buildSettings = {
				ALWAYS_EMBED_SWIFT_STANDARD_LIBRARIES = YES;
				CODE_SIGN_STYLE = Automatic;
				CURRENT_PROJECT_VERSION = 1;
				DEVELOPMENT_TEAM = B43ZJ6HHUE;
				GENERATE_INFOPLIST_FILE = YES;
				MARKETING_VERSION = 1.0;
				PRODUCT_BUNDLE_IDENTIFIER = "uk.co.adam-young.StarlingRoundUpUITests";
				PRODUCT_NAME = "$(TARGET_NAME)";
				SWIFT_EMIT_LOC_STRINGS = NO;
				SWIFT_VERSION = 5.0;
				TARGETED_DEVICE_FAMILY = "1,2";
				TEST_TARGET_NAME = StarlingRoundUp;
			};
			name = Release;
		};
/* End XCBuildConfiguration section */

/* Begin XCConfigurationList section */
		66B899252C3414310056F308 /* Build configuration list for PBXProject "StarlingRoundUp" */ = {
			isa = XCConfigurationList;
			buildConfigurations = (
				66B899522C3414320056F308 /* Debug */,
				66B899532C3414320056F308 /* Release */,
			);
			defaultConfigurationIsVisible = 0;
			defaultConfigurationName = Release;
		};
		66B899542C3414320056F308 /* Build configuration list for PBXNativeTarget "StarlingRoundUp" */ = {
			isa = XCConfigurationList;
			buildConfigurations = (
				66B899552C3414320056F308 /* Debug */,
				66B899562C3414320056F308 /* Release */,
			);
			defaultConfigurationIsVisible = 0;
			defaultConfigurationName = Release;
		};
		66B899572C3414320056F308 /* Build configuration list for PBXNativeTarget "StarlingRoundUpTests" */ = {
			isa = XCConfigurationList;
			buildConfigurations = (
				66B899582C3414320056F308 /* Debug */,
				66B899592C3414320056F308 /* Release */,
			);
			defaultConfigurationIsVisible = 0;
			defaultConfigurationName = Release;
		};
		66B8995A2C3414320056F308 /* Build configuration list for PBXNativeTarget "StarlingRoundUpUITests" */ = {
			isa = XCConfigurationList;
			buildConfigurations = (
				66B8995B2C3414320056F308 /* Debug */,
				66B8995C2C3414320056F308 /* Release */,
			);
			defaultConfigurationIsVisible = 0;
			defaultConfigurationName = Release;
		};
/* End XCConfigurationList section */
	};
	rootObject = 66B899222C3414310056F308 /* Project object */;
}
